// !$*UTF8*$!
{
	archiveVersion = 1;
	classes = {
	};
	objectVersion = 52;
	objects = {

/* Begin PBXBuildFile section */
		900B1B70256996B5000ADE22 /* DatafileTileView.swift in Sources */ = {isa = PBXBuildFile; fileRef = 900B1B6F256996B5000ADE22 /* DatafileTileView.swift */; };
		90365BAC256C3DD2009D8C52 /* PeopleAnomalieStateView.swift in Sources */ = {isa = PBXBuildFile; fileRef = 90365BAB256C3DD2009D8C52 /* PeopleAnomalieStateView.swift */; };
		90365BAF256CF8FA009D8C52 /* SearchBar.swift in Sources */ = {isa = PBXBuildFile; fileRef = 90365BAE256CF8FA009D8C52 /* SearchBar.swift */; };
		90365BB6256CFE1B009D8C52 /* PeopleTileViewCompact.swift in Sources */ = {isa = PBXBuildFile; fileRef = 90365BB5256CFE1B009D8C52 /* PeopleTileViewCompact.swift */; };
		90365BB9256D1B81009D8C52 /* LineWidget.swift in Sources */ = {isa = PBXBuildFile; fileRef = 90365BB8256D1B81009D8C52 /* LineWidget.swift */; };
		90365BBC256D213A009D8C52 /* PeopleListViewCompact.swift in Sources */ = {isa = PBXBuildFile; fileRef = 90365BBB256D213A009D8C52 /* PeopleListViewCompact.swift */; };
		90365BC5256D37A1009D8C52 /* FilteredPeopleViewCompact.swift in Sources */ = {isa = PBXBuildFile; fileRef = 90365BC4256D37A1009D8C52 /* FilteredPeopleViewCompact.swift */; };
		90365BC9256D38AC009D8C52 /* FilteredPeopleView.swift in Sources */ = {isa = PBXBuildFile; fileRef = 90365BC8256D38AC009D8C52 /* FilteredPeopleView.swift */; };
		9055FABE256A54C30020FE70 /* TextMetadata.swift in Sources */ = {isa = PBXBuildFile; fileRef = 9055FABD256A54C30020FE70 /* TextMetadata.swift */; };
		9055FAC1256A5E320020FE70 /* FileChooser.swift in Sources */ = {isa = PBXBuildFile; fileRef = 9055FAC0256A5E320020FE70 /* FileChooser.swift */; };
		9055FAC5256A621B0020FE70 /* CoreXLSX in Frameworks */ = {isa = PBXBuildFile; productRef = 9055FAC4256A621B0020FE70 /* CoreXLSX */; };
		9055FAC8256A62300020FE70 /* ActivityIndicator.swift in Sources */ = {isa = PBXBuildFile; fileRef = 9055FAC7256A62300020FE70 /* ActivityIndicator.swift */; };
		9055FAD2256AC7CC0020FE70 /* DateWidget.swift in Sources */ = {isa = PBXBuildFile; fileRef = 9055FAD1256AC7CC0020FE70 /* DateWidget.swift */; };
		905D6E5425657C7600D9AA56 /* Alamofire in Frameworks */ = {isa = PBXBuildFile; productRef = 905D6E5325657C7600D9AA56 /* Alamofire */; };
		906001582569611300E25B68 /* DonneesView.swift in Sources */ = {isa = PBXBuildFile; fileRef = 906001572569611300E25B68 /* DonneesView.swift */; };
		9060015B2569622F00E25B68 /* DatafileHRAListView.swift in Sources */ = {isa = PBXBuildFile; fileRef = 9060015A2569622F00E25B68 /* DatafileHRAListView.swift */; };
		9060016025696B4300E25B68 /* MetadataView.swift in Sources */ = {isa = PBXBuildFile; fileRef = 9060015F25696B4300E25B68 /* MetadataView.swift */; };
		9060016425696CF300E25B68 /* MetadataTileView.swift in Sources */ = {isa = PBXBuildFile; fileRef = 9060016325696CF300E25B68 /* MetadataTileView.swift */; };
		906001682569732D00E25B68 /* Metadata.swift in Sources */ = {isa = PBXBuildFile; fileRef = 906001672569732D00E25B68 /* Metadata.swift */; };
		9060016B25697A0300E25B68 /* Datafile.swift in Sources */ = {isa = PBXBuildFile; fileRef = 9060016A25697A0300E25B68 /* Datafile.swift */; };
		90896B0B256429DC00246627 /* DataControler.swift in Sources */ = {isa = PBXBuildFile; fileRef = 90896B0A256429DC00246627 /* DataControler.swift */; };
		90896B0F25642A6600246627 /* People.swift in Sources */ = {isa = PBXBuildFile; fileRef = 90896B0E25642A6600246627 /* People.swift */; };
		90A88AA72566AB91002AA39C /* PeopleListView.swift in Sources */ = {isa = PBXBuildFile; fileRef = 90A88AA62566AB91002AA39C /* PeopleListView.swift */; };
		90A88AAA2566AC57002AA39C /* PeopleTileView.swift in Sources */ = {isa = PBXBuildFile; fileRef = 90A88AA92566AC57002AA39C /* PeopleTileView.swift */; };
		90A88AAE2566C7C6002AA39C /* Anomalie.swift in Sources */ = {isa = PBXBuildFile; fileRef = 90A88AAD2566C7C6002AA39C /* Anomalie.swift */; };
		90A88AB12566CB9A002AA39C /* AnomaliesListView.swift in Sources */ = {isa = PBXBuildFile; fileRef = 90A88AB02566CB9A002AA39C /* AnomaliesListView.swift */; };
		90A88AB42566CDAE002AA39C /* AnomalieDetailsView.swift in Sources */ = {isa = PBXBuildFile; fileRef = 90A88AB32566CDAE002AA39C /* AnomalieDetailsView.swift */; };
		90A88AB72566CFE5002AA39C /* AnomalieTileView.swift in Sources */ = {isa = PBXBuildFile; fileRef = 90A88AB62566CFE5002AA39C /* AnomalieTileView.swift */; };
		90A88ABA2567BDA7002AA39C /* CapsuleText.swift in Sources */ = {isa = PBXBuildFile; fileRef = 90A88AB92567BDA7002AA39C /* CapsuleText.swift */; };
		90BA3FFF2567C4BB000CA50E /* SliderEtat.swift in Sources */ = {isa = PBXBuildFile; fileRef = 90BA3FFE2567C4BB000CA50E /* SliderEtat.swift */; };
		90BCFCA4256418A600AC88A9 /* AnanasApp.swift in Sources */ = {isa = PBXBuildFile; fileRef = 90BCFCA3256418A600AC88A9 /* AnanasApp.swift */; };
		90BCFCA6256418A600AC88A9 /* MainView.swift in Sources */ = {isa = PBXBuildFile; fileRef = 90BCFCA5256418A600AC88A9 /* MainView.swift */; };
		90BCFCA8256418A700AC88A9 /* Assets.xcassets in Resources */ = {isa = PBXBuildFile; fileRef = 90BCFCA7256418A700AC88A9 /* Assets.xcassets */; };
		90BCFCAB256418A700AC88A9 /* Preview Assets.xcassets in Resources */ = {isa = PBXBuildFile; fileRef = 90BCFCAA256418A700AC88A9 /* Preview Assets.xcassets */; };
		90BCFCBC25641AFD00AC88A9 /* AnanasTabView.swift in Sources */ = {isa = PBXBuildFile; fileRef = 90BCFCBB25641AFD00AC88A9 /* AnanasTabView.swift */; };
		90BCFCBF25641B1000AC88A9 /* AnanasSidebarView.swift in Sources */ = {isa = PBXBuildFile; fileRef = 90BCFCBE25641B1000AC88A9 /* AnanasSidebarView.swift */; };
		90BCFCC225641C6900AC88A9 /* PeopleView.swift in Sources */ = {isa = PBXBuildFile; fileRef = 90BCFCC125641C6900AC88A9 /* PeopleView.swift */; };
		90BCFCC525641C7C00AC88A9 /* LNAbsencesView.swift in Sources */ = {isa = PBXBuildFile; fileRef = 90BCFCC425641C7C00AC88A9 /* LNAbsencesView.swift */; };
		90BCFCC825641C8F00AC88A9 /* HRAAbsencesView.swift in Sources */ = {isa = PBXBuildFile; fileRef = 90BCFCC725641C8F00AC88A9 /* HRAAbsencesView.swift */; };
		90C02C2E256E328C003A32F6 /* AnomalieStateView.swift in Sources */ = {isa = PBXBuildFile; fileRef = 90C02C2D256E328C003A32F6 /* AnomalieStateView.swift */; };
		90C02C31256E3563003A32F6 /* StateTileView.swift in Sources */ = {isa = PBXBuildFile; fileRef = 90C02C30256E3563003A32F6 /* StateTileView.swift */; };
		90D24FB525668D2D000B9EAE /* SwiftDate in Frameworks */ = {isa = PBXBuildFile; productRef = 90D24FB425668D2D000B9EAE /* SwiftDate */; };
		90D24FB925669E3B000B9EAE /* User.swift in Sources */ = {isa = PBXBuildFile; fileRef = 90D24FB825669E3B000B9EAE /* User.swift */; };
		90D24FBD2566A551000B9EAE /* PeopleDetailsView.swift in Sources */ = {isa = PBXBuildFile; fileRef = 90D24FBC2566A551000B9EAE /* PeopleDetailsView.swift */; };
		90E0D97C256AF8C8009BAF42 /* AnomaliesListViewCompact.swift in Sources */ = {isa = PBXBuildFile; fileRef = 90E0D97B256AF8C8009BAF42 /* AnomaliesListViewCompact.swift */; };
		90E0D97F256AFA6A009BAF42 /* AnomalieTileViewCompact.swift in Sources */ = {isa = PBXBuildFile; fileRef = 90E0D97E256AFA6A009BAF42 /* AnomalieTileViewCompact.swift */; };
		90E0D983256AFE72009BAF42 /* AnomalieDetailsViewCompact.swift in Sources */ = {isa = PBXBuildFile; fileRef = 90E0D982256AFE72009BAF42 /* AnomalieDetailsViewCompact.swift */; };
		90E0D986256B018E009BAF42 /* AnomalieUpdateFormViewCompact.swift in Sources */ = {isa = PBXBuildFile; fileRef = 90E0D985256B018E009BAF42 /* AnomalieUpdateFormViewCompact.swift */; };
		90E528D02567DC8E003FC626 /* LoadingScreen.swift in Sources */ = {isa = PBXBuildFile; fileRef = 90E528CF2567DC8E003FC626 /* LoadingScreen.swift */; };
		90E528D32567E9E1003FC626 /* FormLabelView.swift in Sources */ = {isa = PBXBuildFile; fileRef = 90E528D22567E9E1003FC626 /* FormLabelView.swift */; };
		90E528D62567F8D4003FC626 /* AnomalieUpdateFormView.swift in Sources */ = {isa = PBXBuildFile; fileRef = 90E528D52567F8D4003FC626 /* AnomalieUpdateFormView.swift */; };
/* End PBXBuildFile section */

/* Begin PBXFileReference section */
		900B1B6F256996B5000ADE22 /* DatafileTileView.swift */ = {isa = PBXFileReference; lastKnownFileType = sourcecode.swift; path = DatafileTileView.swift; sourceTree = "<group>"; };
		90365BAB256C3DD2009D8C52 /* PeopleAnomalieStateView.swift */ = {isa = PBXFileReference; lastKnownFileType = sourcecode.swift; path = PeopleAnomalieStateView.swift; sourceTree = "<group>"; };
		90365BAE256CF8FA009D8C52 /* SearchBar.swift */ = {isa = PBXFileReference; lastKnownFileType = sourcecode.swift; path = SearchBar.swift; sourceTree = "<group>"; };
		90365BB5256CFE1B009D8C52 /* PeopleTileViewCompact.swift */ = {isa = PBXFileReference; lastKnownFileType = sourcecode.swift; path = PeopleTileViewCompact.swift; sourceTree = "<group>"; };
		90365BB8256D1B81009D8C52 /* LineWidget.swift */ = {isa = PBXFileReference; lastKnownFileType = sourcecode.swift; path = LineWidget.swift; sourceTree = "<group>"; };
		90365BBB256D213A009D8C52 /* PeopleListViewCompact.swift */ = {isa = PBXFileReference; lastKnownFileType = sourcecode.swift; path = PeopleListViewCompact.swift; sourceTree = "<group>"; };
		90365BC4256D37A1009D8C52 /* FilteredPeopleViewCompact.swift */ = {isa = PBXFileReference; lastKnownFileType = sourcecode.swift; path = FilteredPeopleViewCompact.swift; sourceTree = "<group>"; };
		90365BC8256D38AC009D8C52 /* FilteredPeopleView.swift */ = {isa = PBXFileReference; lastKnownFileType = sourcecode.swift; path = FilteredPeopleView.swift; sourceTree = "<group>"; };
		9055FABD256A54C30020FE70 /* TextMetadata.swift */ = {isa = PBXFileReference; lastKnownFileType = sourcecode.swift; path = TextMetadata.swift; sourceTree = "<group>"; };
		9055FAC0256A5E320020FE70 /* FileChooser.swift */ = {isa = PBXFileReference; lastKnownFileType = sourcecode.swift; path = FileChooser.swift; sourceTree = "<group>"; };
		9055FAC7256A62300020FE70 /* ActivityIndicator.swift */ = {isa = PBXFileReference; lastKnownFileType = sourcecode.swift; path = ActivityIndicator.swift; sourceTree = "<group>"; };
		9055FACB256A72DC0020FE70 /* Ananas.entitlements */ = {isa = PBXFileReference; lastKnownFileType = text.plist.entitlements; path = Ananas.entitlements; sourceTree = "<group>"; };
		9055FAD1256AC7CC0020FE70 /* DateWidget.swift */ = {isa = PBXFileReference; lastKnownFileType = sourcecode.swift; path = DateWidget.swift; sourceTree = "<group>"; };
		906001572569611300E25B68 /* DonneesView.swift */ = {isa = PBXFileReference; lastKnownFileType = sourcecode.swift; path = DonneesView.swift; sourceTree = "<group>"; };
		9060015A2569622F00E25B68 /* DatafileHRAListView.swift */ = {isa = PBXFileReference; lastKnownFileType = sourcecode.swift; path = DatafileHRAListView.swift; sourceTree = "<group>"; };
		9060015F25696B4300E25B68 /* MetadataView.swift */ = {isa = PBXFileReference; lastKnownFileType = sourcecode.swift; path = MetadataView.swift; sourceTree = "<group>"; };
		9060016325696CF300E25B68 /* MetadataTileView.swift */ = {isa = PBXFileReference; lastKnownFileType = sourcecode.swift; path = MetadataTileView.swift; sourceTree = "<group>"; };
		906001672569732D00E25B68 /* Metadata.swift */ = {isa = PBXFileReference; lastKnownFileType = sourcecode.swift; path = Metadata.swift; sourceTree = "<group>"; };
		9060016A25697A0300E25B68 /* Datafile.swift */ = {isa = PBXFileReference; lastKnownFileType = sourcecode.swift; path = Datafile.swift; sourceTree = "<group>"; };
		90896B0A256429DC00246627 /* DataControler.swift */ = {isa = PBXFileReference; lastKnownFileType = sourcecode.swift; path = DataControler.swift; sourceTree = "<group>"; };
		90896B0E25642A6600246627 /* People.swift */ = {isa = PBXFileReference; lastKnownFileType = sourcecode.swift; path = People.swift; sourceTree = "<group>"; };
		90A88AA62566AB91002AA39C /* PeopleListView.swift */ = {isa = PBXFileReference; lastKnownFileType = sourcecode.swift; path = PeopleListView.swift; sourceTree = "<group>"; };
		90A88AA92566AC57002AA39C /* PeopleTileView.swift */ = {isa = PBXFileReference; lastKnownFileType = sourcecode.swift; path = PeopleTileView.swift; sourceTree = "<group>"; };
		90A88AAD2566C7C6002AA39C /* Anomalie.swift */ = {isa = PBXFileReference; lastKnownFileType = sourcecode.swift; path = Anomalie.swift; sourceTree = "<group>"; };
		90A88AB02566CB9A002AA39C /* AnomaliesListView.swift */ = {isa = PBXFileReference; lastKnownFileType = sourcecode.swift; path = AnomaliesListView.swift; sourceTree = "<group>"; };
		90A88AB32566CDAE002AA39C /* AnomalieDetailsView.swift */ = {isa = PBXFileReference; lastKnownFileType = sourcecode.swift; path = AnomalieDetailsView.swift; sourceTree = "<group>"; };
		90A88AB62566CFE5002AA39C /* AnomalieTileView.swift */ = {isa = PBXFileReference; lastKnownFileType = sourcecode.swift; path = AnomalieTileView.swift; sourceTree = "<group>"; };
		90A88AB92567BDA7002AA39C /* CapsuleText.swift */ = {isa = PBXFileReference; lastKnownFileType = sourcecode.swift; path = CapsuleText.swift; sourceTree = "<group>"; };
		90BA3FFE2567C4BB000CA50E /* SliderEtat.swift */ = {isa = PBXFileReference; lastKnownFileType = sourcecode.swift; path = SliderEtat.swift; sourceTree = "<group>"; };
		90BCFCA0256418A600AC88A9 /* Ananas.app */ = {isa = PBXFileReference; explicitFileType = wrapper.application; includeInIndex = 0; path = Ananas.app; sourceTree = BUILT_PRODUCTS_DIR; };
		90BCFCA3256418A600AC88A9 /* AnanasApp.swift */ = {isa = PBXFileReference; lastKnownFileType = sourcecode.swift; path = AnanasApp.swift; sourceTree = "<group>"; };
		90BCFCA5256418A600AC88A9 /* MainView.swift */ = {isa = PBXFileReference; lastKnownFileType = sourcecode.swift; path = MainView.swift; sourceTree = "<group>"; };
		90BCFCA7256418A700AC88A9 /* Assets.xcassets */ = {isa = PBXFileReference; lastKnownFileType = folder.assetcatalog; path = Assets.xcassets; sourceTree = "<group>"; };
		90BCFCAA256418A700AC88A9 /* Preview Assets.xcassets */ = {isa = PBXFileReference; lastKnownFileType = folder.assetcatalog; path = "Preview Assets.xcassets"; sourceTree = "<group>"; };
		90BCFCAC256418A700AC88A9 /* Info.plist */ = {isa = PBXFileReference; lastKnownFileType = text.plist.xml; path = Info.plist; sourceTree = "<group>"; };
		90BCFCBB25641AFD00AC88A9 /* AnanasTabView.swift */ = {isa = PBXFileReference; lastKnownFileType = sourcecode.swift; path = AnanasTabView.swift; sourceTree = "<group>"; };
		90BCFCBE25641B1000AC88A9 /* AnanasSidebarView.swift */ = {isa = PBXFileReference; lastKnownFileType = sourcecode.swift; path = AnanasSidebarView.swift; sourceTree = "<group>"; };
		90BCFCC125641C6900AC88A9 /* PeopleView.swift */ = {isa = PBXFileReference; lastKnownFileType = sourcecode.swift; path = PeopleView.swift; sourceTree = "<group>"; };
		90BCFCC425641C7C00AC88A9 /* LNAbsencesView.swift */ = {isa = PBXFileReference; lastKnownFileType = sourcecode.swift; path = LNAbsencesView.swift; sourceTree = "<group>"; };
		90BCFCC725641C8F00AC88A9 /* HRAAbsencesView.swift */ = {isa = PBXFileReference; lastKnownFileType = sourcecode.swift; path = HRAAbsencesView.swift; sourceTree = "<group>"; };
		90C02C2D256E328C003A32F6 /* AnomalieStateView.swift */ = {isa = PBXFileReference; lastKnownFileType = sourcecode.swift; path = AnomalieStateView.swift; sourceTree = "<group>"; };
		90C02C30256E3563003A32F6 /* StateTileView.swift */ = {isa = PBXFileReference; lastKnownFileType = sourcecode.swift; path = StateTileView.swift; sourceTree = "<group>"; };
		90D24FB825669E3B000B9EAE /* User.swift */ = {isa = PBXFileReference; lastKnownFileType = sourcecode.swift; path = User.swift; sourceTree = "<group>"; };
		90D24FBC2566A551000B9EAE /* PeopleDetailsView.swift */ = {isa = PBXFileReference; lastKnownFileType = sourcecode.swift; path = PeopleDetailsView.swift; sourceTree = "<group>"; };
		90E0D97B256AF8C8009BAF42 /* AnomaliesListViewCompact.swift */ = {isa = PBXFileReference; lastKnownFileType = sourcecode.swift; path = AnomaliesListViewCompact.swift; sourceTree = "<group>"; };
		90E0D97E256AFA6A009BAF42 /* AnomalieTileViewCompact.swift */ = {isa = PBXFileReference; lastKnownFileType = sourcecode.swift; path = AnomalieTileViewCompact.swift; sourceTree = "<group>"; };
		90E0D982256AFE72009BAF42 /* AnomalieDetailsViewCompact.swift */ = {isa = PBXFileReference; lastKnownFileType = sourcecode.swift; path = AnomalieDetailsViewCompact.swift; sourceTree = "<group>"; };
		90E0D985256B018E009BAF42 /* AnomalieUpdateFormViewCompact.swift */ = {isa = PBXFileReference; lastKnownFileType = sourcecode.swift; path = AnomalieUpdateFormViewCompact.swift; sourceTree = "<group>"; };
		90E528CF2567DC8E003FC626 /* LoadingScreen.swift */ = {isa = PBXFileReference; lastKnownFileType = sourcecode.swift; path = LoadingScreen.swift; sourceTree = "<group>"; };
		90E528D22567E9E1003FC626 /* FormLabelView.swift */ = {isa = PBXFileReference; lastKnownFileType = sourcecode.swift; path = FormLabelView.swift; sourceTree = "<group>"; };
		90E528D52567F8D4003FC626 /* AnomalieUpdateFormView.swift */ = {isa = PBXFileReference; lastKnownFileType = sourcecode.swift; path = AnomalieUpdateFormView.swift; sourceTree = "<group>"; };
/* End PBXFileReference section */

/* Begin PBXFrameworksBuildPhase section */
		90BCFC9D256418A600AC88A9 /* Frameworks */ = {
			isa = PBXFrameworksBuildPhase;
			buildActionMask = 2147483647;
			files = (
				9055FAC5256A621B0020FE70 /* CoreXLSX in Frameworks */,
				90D24FB525668D2D000B9EAE /* SwiftDate in Frameworks */,
				905D6E5425657C7600D9AA56 /* Alamofire in Frameworks */,
			);
			runOnlyForDeploymentPostprocessing = 0;
		};
/* End PBXFrameworksBuildPhase section */

/* Begin PBXGroup section */
		90365BBE256D3637009D8C52 /* Compact */ = {
			isa = PBXGroup;
			children = (
				90365BC4256D37A1009D8C52 /* FilteredPeopleViewCompact.swift */,
				90365BBB256D213A009D8C52 /* PeopleListViewCompact.swift */,
				90365BB5256CFE1B009D8C52 /* PeopleTileViewCompact.swift */,
			);
			path = Compact;
			sourceTree = "<group>";
		};
		9060016D2569802100E25B68 /* Personnes */ = {
			isa = PBXGroup;
			children = (
				90365BBE256D3637009D8C52 /* Compact */,
				90BCFCC125641C6900AC88A9 /* PeopleView.swift */,
				90D24FBC2566A551000B9EAE /* PeopleDetailsView.swift */,
				90A88AA62566AB91002AA39C /* PeopleListView.swift */,
				90A88AA92566AC57002AA39C /* PeopleTileView.swift */,
				90365BAB256C3DD2009D8C52 /* PeopleAnomalieStateView.swift */,
				90365BC8256D38AC009D8C52 /* FilteredPeopleView.swift */,
			);
			path = Personnes;
			sourceTree = "<group>";
		};
		9060016E2569804A00E25B68 /* Anomalies */ = {
			isa = PBXGroup;
			children = (
				90E0D988256B04E4009BAF42 /* Compact */,
				90E528D52567F8D4003FC626 /* AnomalieUpdateFormView.swift */,
				90A88AB62566CFE5002AA39C /* AnomalieTileView.swift */,
				90A88AB32566CDAE002AA39C /* AnomalieDetailsView.swift */,
				90A88AB02566CB9A002AA39C /* AnomaliesListView.swift */,
			);
			path = Anomalies;
			sourceTree = "<group>";
		};
		9060016F2569806B00E25B68 /* Gestion des Donnees */ = {
			isa = PBXGroup;
			children = (
				906001572569611300E25B68 /* DonneesView.swift */,
				9060015A2569622F00E25B68 /* DatafileHRAListView.swift */,
				9060015F25696B4300E25B68 /* MetadataView.swift */,
				9060016325696CF300E25B68 /* MetadataTileView.swift */,
				900B1B6F256996B5000ADE22 /* DatafileTileView.swift */,
				9055FAC0256A5E320020FE70 /* FileChooser.swift */,
			);
			path = "Gestion des Donnees";
			sourceTree = "<group>";
		};
		90896B09256429BC00246627 /* Data */ = {
			isa = PBXGroup;
			children = (
				90896B0A256429DC00246627 /* DataControler.swift */,
				90896B0E25642A6600246627 /* People.swift */,
				90D24FB825669E3B000B9EAE /* User.swift */,
				90A88AAD2566C7C6002AA39C /* Anomalie.swift */,
				906001672569732D00E25B68 /* Metadata.swift */,
				9060016A25697A0300E25B68 /* Datafile.swift */,
			);
			path = Data;
			sourceTree = "<group>";
		};
		90A88ABC2567BE32002AA39C /* Widgets */ = {
			isa = PBXGroup;
			children = (
				90A88AB92567BDA7002AA39C /* CapsuleText.swift */,
				90BA3FFE2567C4BB000CA50E /* SliderEtat.swift */,
				90E528CF2567DC8E003FC626 /* LoadingScreen.swift */,
				90E528D22567E9E1003FC626 /* FormLabelView.swift */,
				9055FABD256A54C30020FE70 /* TextMetadata.swift */,
				9055FAC7256A62300020FE70 /* ActivityIndicator.swift */,
				9055FAD1256AC7CC0020FE70 /* DateWidget.swift */,
				90365BAE256CF8FA009D8C52 /* SearchBar.swift */,
				90365BB8256D1B81009D8C52 /* LineWidget.swift */,
				90C02C2D256E328C003A32F6 /* AnomalieStateView.swift */,
				90C02C30256E3563003A32F6 /* StateTileView.swift */,
			);
			path = Widgets;
			sourceTree = "<group>";
		};
		90BCFC97256418A600AC88A9 = {
			isa = PBXGroup;
			children = (
				90BCFCA2256418A600AC88A9 /* Ananas */,
				90BCFCA1256418A600AC88A9 /* Products */,
			);
			sourceTree = "<group>";
		};
		90BCFCA1256418A600AC88A9 /* Products */ = {
			isa = PBXGroup;
			children = (
				90BCFCA0256418A600AC88A9 /* Ananas.app */,
			);
			name = Products;
			sourceTree = "<group>";
		};
		90BCFCA2256418A600AC88A9 /* Ananas */ = {
			isa = PBXGroup;
			children = (
				9055FACB256A72DC0020FE70 /* Ananas.entitlements */,
				90896B09256429BC00246627 /* Data */,
				90BCFCCD25641CB700AC88A9 /* Views */,
				90BCFCA3256418A600AC88A9 /* AnanasApp.swift */,
				90BCFCA5256418A600AC88A9 /* MainView.swift */,
				90BCFCBB25641AFD00AC88A9 /* AnanasTabView.swift */,
				90BCFCBE25641B1000AC88A9 /* AnanasSidebarView.swift */,
				90BCFCA7256418A700AC88A9 /* Assets.xcassets */,
				90BCFCAC256418A700AC88A9 /* Info.plist */,
				90BCFCA9256418A700AC88A9 /* Preview Content */,
			);
			path = Ananas;
			sourceTree = "<group>";
		};
		90BCFCA9256418A700AC88A9 /* Preview Content */ = {
			isa = PBXGroup;
			children = (
				90BCFCAA256418A700AC88A9 /* Preview Assets.xcassets */,
			);
			path = "Preview Content";
			sourceTree = "<group>";
		};
		90BCFCCD25641CB700AC88A9 /* Views */ = {
			isa = PBXGroup;
			children = (
				9060016F2569806B00E25B68 /* Gestion des Donnees */,
				9060016E2569804A00E25B68 /* Anomalies */,
				9060016D2569802100E25B68 /* Personnes */,
				90A88ABC2567BE32002AA39C /* Widgets */,
				90BCFCC425641C7C00AC88A9 /* LNAbsencesView.swift */,
				90BCFCC725641C8F00AC88A9 /* HRAAbsencesView.swift */,
			);
			path = Views;
			sourceTree = "<group>";
		};
		90E0D988256B04E4009BAF42 /* Compact */ = {
			isa = PBXGroup;
			children = (
				90E0D97B256AF8C8009BAF42 /* AnomaliesListViewCompact.swift */,
				90E0D97E256AFA6A009BAF42 /* AnomalieTileViewCompact.swift */,
				90E0D982256AFE72009BAF42 /* AnomalieDetailsViewCompact.swift */,
				90E0D985256B018E009BAF42 /* AnomalieUpdateFormViewCompact.swift */,
			);
			path = Compact;
			sourceTree = "<group>";
		};
/* End PBXGroup section */

/* Begin PBXNativeTarget section */
		90BCFC9F256418A600AC88A9 /* Ananas */ = {
			isa = PBXNativeTarget;
			buildConfigurationList = 90BCFCAF256418A700AC88A9 /* Build configuration list for PBXNativeTarget "Ananas" */;
			buildPhases = (
				90BCFC9C256418A600AC88A9 /* Sources */,
				90BCFC9D256418A600AC88A9 /* Frameworks */,
				90BCFC9E256418A600AC88A9 /* Resources */,
			);
			buildRules = (
			);
			dependencies = (
			);
			name = Ananas;
			packageProductDependencies = (
				905D6E5325657C7600D9AA56 /* Alamofire */,
				90D24FB425668D2D000B9EAE /* SwiftDate */,
				9055FAC4256A621B0020FE70 /* CoreXLSX */,
			);
			productName = Ananas;
			productReference = 90BCFCA0256418A600AC88A9 /* Ananas.app */;
			productType = "com.apple.product-type.application";
		};
/* End PBXNativeTarget section */

/* Begin PBXProject section */
		90BCFC98256418A600AC88A9 /* Project object */ = {
			isa = PBXProject;
			attributes = {
				LastSwiftUpdateCheck = 1220;
				LastUpgradeCheck = 1220;
				TargetAttributes = {
					90BCFC9F256418A600AC88A9 = {
						CreatedOnToolsVersion = 12.2;
					};
				};
			};
			buildConfigurationList = 90BCFC9B256418A600AC88A9 /* Build configuration list for PBXProject "Ananas" */;
			compatibilityVersion = "Xcode 9.3";
			developmentRegion = en;
			hasScannedForEncodings = 0;
			knownRegions = (
				en,
				Base,
			);
			mainGroup = 90BCFC97256418A600AC88A9;
			packageReferences = (
				905D6E5225657C7600D9AA56 /* XCRemoteSwiftPackageReference "Alamofire" */,
				90D24FB325668D2D000B9EAE /* XCRemoteSwiftPackageReference "SwiftDate" */,
				9055FAC3256A621B0020FE70 /* XCRemoteSwiftPackageReference "CoreXLSX" */,
			);
			productRefGroup = 90BCFCA1256418A600AC88A9 /* Products */;
			projectDirPath = "";
			projectRoot = "";
			targets = (
				90BCFC9F256418A600AC88A9 /* Ananas */,
			);
		};
/* End PBXProject section */

/* Begin PBXResourcesBuildPhase section */
		90BCFC9E256418A600AC88A9 /* Resources */ = {
			isa = PBXResourcesBuildPhase;
			buildActionMask = 2147483647;
			files = (
				90BCFCAB256418A700AC88A9 /* Preview Assets.xcassets in Resources */,
				90BCFCA8256418A700AC88A9 /* Assets.xcassets in Resources */,
			);
			runOnlyForDeploymentPostprocessing = 0;
		};
/* End PBXResourcesBuildPhase section */

/* Begin PBXSourcesBuildPhase section */
		90BCFC9C256418A600AC88A9 /* Sources */ = {
			isa = PBXSourcesBuildPhase;
			buildActionMask = 2147483647;
			files = (
				900B1B70256996B5000ADE22 /* DatafileTileView.swift in Sources */,
				90D24FBD2566A551000B9EAE /* PeopleDetailsView.swift in Sources */,
				90BCFCC525641C7C00AC88A9 /* LNAbsencesView.swift in Sources */,
				90365BB6256CFE1B009D8C52 /* PeopleTileViewCompact.swift in Sources */,
				90E0D97C256AF8C8009BAF42 /* AnomaliesListViewCompact.swift in Sources */,
				90365BBC256D213A009D8C52 /* PeopleListViewCompact.swift in Sources */,
				90A88AB12566CB9A002AA39C /* AnomaliesListView.swift in Sources */,
				90A88ABA2567BDA7002AA39C /* CapsuleText.swift in Sources */,
				906001582569611300E25B68 /* DonneesView.swift in Sources */,
				90BCFCBC25641AFD00AC88A9 /* AnanasTabView.swift in Sources */,
				9060015B2569622F00E25B68 /* DatafileHRAListView.swift in Sources */,
				9055FAC8256A62300020FE70 /* ActivityIndicator.swift in Sources */,
				90BCFCC225641C6900AC88A9 /* PeopleView.swift in Sources */,
				90C02C2E256E328C003A32F6 /* AnomalieStateView.swift in Sources */,
				90365BB9256D1B81009D8C52 /* LineWidget.swift in Sources */,
				9055FAC1256A5E320020FE70 /* FileChooser.swift in Sources */,
				90E528D32567E9E1003FC626 /* FormLabelView.swift in Sources */,
				90A88AAE2566C7C6002AA39C /* Anomalie.swift in Sources */,
				9060016425696CF300E25B68 /* MetadataTileView.swift in Sources */,
				90E528D02567DC8E003FC626 /* LoadingScreen.swift in Sources */,
				9055FAD2256AC7CC0020FE70 /* DateWidget.swift in Sources */,
				90A88AB42566CDAE002AA39C /* AnomalieDetailsView.swift in Sources */,
				90E528D62567F8D4003FC626 /* AnomalieUpdateFormView.swift in Sources */,
				90365BC9256D38AC009D8C52 /* FilteredPeopleView.swift in Sources */,
				90365BAC256C3DD2009D8C52 /* PeopleAnomalieStateView.swift in Sources */,
				90A88AB72566CFE5002AA39C /* AnomalieTileView.swift in Sources */,
				90C02C31256E3563003A32F6 /* StateTileView.swift in Sources */,
				9060016B25697A0300E25B68 /* Datafile.swift in Sources */,
				9055FABE256A54C30020FE70 /* TextMetadata.swift in Sources */,
				90A88AAA2566AC57002AA39C /* PeopleTileView.swift in Sources */,
				90896B0F25642A6600246627 /* People.swift in Sources */,
				90896B0B256429DC00246627 /* DataControler.swift in Sources */,
				90365BAF256CF8FA009D8C52 /* SearchBar.swift in Sources */,
				90E0D983256AFE72009BAF42 /* AnomalieDetailsViewCompact.swift in Sources */,
				90A88AA72566AB91002AA39C /* PeopleListView.swift in Sources */,
				90BCFCBF25641B1000AC88A9 /* AnanasSidebarView.swift in Sources */,
				906001682569732D00E25B68 /* Metadata.swift in Sources */,
				90E0D97F256AFA6A009BAF42 /* AnomalieTileViewCompact.swift in Sources */,
				90365BC5256D37A1009D8C52 /* FilteredPeopleViewCompact.swift in Sources */,
				90BCFCA6256418A600AC88A9 /* MainView.swift in Sources */,
				9060016025696B4300E25B68 /* MetadataView.swift in Sources */,
				90BA3FFF2567C4BB000CA50E /* SliderEtat.swift in Sources */,
				90BCFCC825641C8F00AC88A9 /* HRAAbsencesView.swift in Sources */,
				90E0D986256B018E009BAF42 /* AnomalieUpdateFormViewCompact.swift in Sources */,
				90BCFCA4256418A600AC88A9 /* AnanasApp.swift in Sources */,
				90D24FB925669E3B000B9EAE /* User.swift in Sources */,
			);
			runOnlyForDeploymentPostprocessing = 0;
		};
/* End PBXSourcesBuildPhase section */

/* Begin XCBuildConfiguration section */
		90BCFCAD256418A700AC88A9 /* Debug */ = {
			isa = XCBuildConfiguration;
			buildSettings = {
				ALWAYS_SEARCH_USER_PATHS = NO;
				CLANG_ANALYZER_NONNULL = YES;
				CLANG_ANALYZER_NUMBER_OBJECT_CONVERSION = YES_AGGRESSIVE;
				CLANG_CXX_LANGUAGE_STANDARD = "gnu++14";
				CLANG_CXX_LIBRARY = "libc++";
				CLANG_ENABLE_MODULES = YES;
				CLANG_ENABLE_OBJC_ARC = YES;
				CLANG_ENABLE_OBJC_WEAK = YES;
				CLANG_WARN_BLOCK_CAPTURE_AUTORELEASING = YES;
				CLANG_WARN_BOOL_CONVERSION = YES;
				CLANG_WARN_COMMA = YES;
				CLANG_WARN_CONSTANT_CONVERSION = YES;
				CLANG_WARN_DEPRECATED_OBJC_IMPLEMENTATIONS = YES;
				CLANG_WARN_DIRECT_OBJC_ISA_USAGE = YES_ERROR;
				CLANG_WARN_DOCUMENTATION_COMMENTS = YES;
				CLANG_WARN_EMPTY_BODY = YES;
				CLANG_WARN_ENUM_CONVERSION = YES;
				CLANG_WARN_INFINITE_RECURSION = YES;
				CLANG_WARN_INT_CONVERSION = YES;
				CLANG_WARN_NON_LITERAL_NULL_CONVERSION = YES;
				CLANG_WARN_OBJC_IMPLICIT_RETAIN_SELF = YES;
				CLANG_WARN_OBJC_LITERAL_CONVERSION = YES;
				CLANG_WARN_OBJC_ROOT_CLASS = YES_ERROR;
				CLANG_WARN_QUOTED_INCLUDE_IN_FRAMEWORK_HEADER = YES;
				CLANG_WARN_RANGE_LOOP_ANALYSIS = YES;
				CLANG_WARN_STRICT_PROTOTYPES = YES;
				CLANG_WARN_SUSPICIOUS_MOVE = YES;
				CLANG_WARN_UNGUARDED_AVAILABILITY = YES_AGGRESSIVE;
				CLANG_WARN_UNREACHABLE_CODE = YES;
				CLANG_WARN__DUPLICATE_METHOD_MATCH = YES;
				COPY_PHASE_STRIP = NO;
				DEBUG_INFORMATION_FORMAT = dwarf;
				ENABLE_STRICT_OBJC_MSGSEND = YES;
				ENABLE_TESTABILITY = YES;
				GCC_C_LANGUAGE_STANDARD = gnu11;
				GCC_DYNAMIC_NO_PIC = NO;
				GCC_NO_COMMON_BLOCKS = YES;
				GCC_OPTIMIZATION_LEVEL = 0;
				GCC_PREPROCESSOR_DEFINITIONS = (
					"DEBUG=1",
					"$(inherited)",
				);
				GCC_WARN_64_TO_32_BIT_CONVERSION = YES;
				GCC_WARN_ABOUT_RETURN_TYPE = YES_ERROR;
				GCC_WARN_UNDECLARED_SELECTOR = YES;
				GCC_WARN_UNINITIALIZED_AUTOS = YES_AGGRESSIVE;
				GCC_WARN_UNUSED_FUNCTION = YES;
				GCC_WARN_UNUSED_VARIABLE = YES;
				IPHONEOS_DEPLOYMENT_TARGET = 14.0;
				MTL_ENABLE_DEBUG_INFO = INCLUDE_SOURCE;
				MTL_FAST_MATH = YES;
				ONLY_ACTIVE_ARCH = YES;
				SDKROOT = iphoneos;
				SWIFT_ACTIVE_COMPILATION_CONDITIONS = DEBUG;
				SWIFT_OPTIMIZATION_LEVEL = "-Onone";
				TARGETED_DEVICE_FAMILY = "1,2";
			};
			name = Debug;
		};
		90BCFCAE256418A700AC88A9 /* Release */ = {
			isa = XCBuildConfiguration;
			buildSettings = {
				ALWAYS_SEARCH_USER_PATHS = NO;
				CLANG_ANALYZER_NONNULL = YES;
				CLANG_ANALYZER_NUMBER_OBJECT_CONVERSION = YES_AGGRESSIVE;
				CLANG_CXX_LANGUAGE_STANDARD = "gnu++14";
				CLANG_CXX_LIBRARY = "libc++";
				CLANG_ENABLE_MODULES = YES;
				CLANG_ENABLE_OBJC_ARC = YES;
				CLANG_ENABLE_OBJC_WEAK = YES;
				CLANG_WARN_BLOCK_CAPTURE_AUTORELEASING = YES;
				CLANG_WARN_BOOL_CONVERSION = YES;
				CLANG_WARN_COMMA = YES;
				CLANG_WARN_CONSTANT_CONVERSION = YES;
				CLANG_WARN_DEPRECATED_OBJC_IMPLEMENTATIONS = YES;
				CLANG_WARN_DIRECT_OBJC_ISA_USAGE = YES_ERROR;
				CLANG_WARN_DOCUMENTATION_COMMENTS = YES;
				CLANG_WARN_EMPTY_BODY = YES;
				CLANG_WARN_ENUM_CONVERSION = YES;
				CLANG_WARN_INFINITE_RECURSION = YES;
				CLANG_WARN_INT_CONVERSION = YES;
				CLANG_WARN_NON_LITERAL_NULL_CONVERSION = YES;
				CLANG_WARN_OBJC_IMPLICIT_RETAIN_SELF = YES;
				CLANG_WARN_OBJC_LITERAL_CONVERSION = YES;
				CLANG_WARN_OBJC_ROOT_CLASS = YES_ERROR;
				CLANG_WARN_QUOTED_INCLUDE_IN_FRAMEWORK_HEADER = YES;
				CLANG_WARN_RANGE_LOOP_ANALYSIS = YES;
				CLANG_WARN_STRICT_PROTOTYPES = YES;
				CLANG_WARN_SUSPICIOUS_MOVE = YES;
				CLANG_WARN_UNGUARDED_AVAILABILITY = YES_AGGRESSIVE;
				CLANG_WARN_UNREACHABLE_CODE = YES;
				CLANG_WARN__DUPLICATE_METHOD_MATCH = YES;
				COPY_PHASE_STRIP = NO;
				DEBUG_INFORMATION_FORMAT = "dwarf-with-dsym";
				ENABLE_NS_ASSERTIONS = NO;
				ENABLE_STRICT_OBJC_MSGSEND = YES;
				GCC_C_LANGUAGE_STANDARD = gnu11;
				GCC_NO_COMMON_BLOCKS = YES;
				GCC_WARN_64_TO_32_BIT_CONVERSION = YES;
				GCC_WARN_ABOUT_RETURN_TYPE = YES_ERROR;
				GCC_WARN_UNDECLARED_SELECTOR = YES;
				GCC_WARN_UNINITIALIZED_AUTOS = YES_AGGRESSIVE;
				GCC_WARN_UNUSED_FUNCTION = YES;
				GCC_WARN_UNUSED_VARIABLE = YES;
				IPHONEOS_DEPLOYMENT_TARGET = 14.0;
				MTL_ENABLE_DEBUG_INFO = NO;
				MTL_FAST_MATH = YES;
				SDKROOT = iphoneos;
				SWIFT_COMPILATION_MODE = wholemodule;
				SWIFT_OPTIMIZATION_LEVEL = "-O";
				TARGETED_DEVICE_FAMILY = "1,2";
				VALIDATE_PRODUCT = YES;
			};
			name = Release;
		};
		90BCFCB0256418A700AC88A9 /* Debug */ = {
			isa = XCBuildConfiguration;
			buildSettings = {
				ASSETCATALOG_COMPILER_APPICON_NAME = AppIcon;
				ASSETCATALOG_COMPILER_GLOBAL_ACCENT_COLOR_NAME = AccentColor;
				CODE_SIGN_ENTITLEMENTS = Ananas/Ananas.entitlements;
				CODE_SIGN_STYLE = Automatic;
				DEVELOPMENT_ASSET_PATHS = "\"Ananas/Preview Content\"";
				DEVELOPMENT_TEAM = 9BF83RHWX9;
				ENABLE_PREVIEWS = YES;
				INFOPLIST_FILE = Ananas/Info.plist;
				IPHONEOS_DEPLOYMENT_TARGET = 14.0;
				LD_RUNPATH_SEARCH_PATHS = (
					"$(inherited)",
					"@executable_path/Frameworks",
				);
				PRODUCT_BUNDLE_IDENTIFIER = fr.tsodev.Ananas;
				PRODUCT_NAME = "$(TARGET_NAME)";
				SWIFT_VERSION = 5.0;
				TARGETED_DEVICE_FAMILY = "1,2";
			};
			name = Debug;
		};
		90BCFCB1256418A700AC88A9 /* Release */ = {
			isa = XCBuildConfiguration;
			buildSettings = {
				ASSETCATALOG_COMPILER_APPICON_NAME = AppIcon;
				ASSETCATALOG_COMPILER_GLOBAL_ACCENT_COLOR_NAME = AccentColor;
				CODE_SIGN_ENTITLEMENTS = Ananas/Ananas.entitlements;
				CODE_SIGN_STYLE = Automatic;
				DEVELOPMENT_ASSET_PATHS = "\"Ananas/Preview Content\"";
				DEVELOPMENT_TEAM = 9BF83RHWX9;
				ENABLE_PREVIEWS = YES;
				INFOPLIST_FILE = Ananas/Info.plist;
				IPHONEOS_DEPLOYMENT_TARGET = 14.0;
				LD_RUNPATH_SEARCH_PATHS = (
					"$(inherited)",
					"@executable_path/Frameworks",
				);
				PRODUCT_BUNDLE_IDENTIFIER = fr.tsodev.Ananas;
				PRODUCT_NAME = "$(TARGET_NAME)";
				SWIFT_VERSION = 5.0;
				TARGETED_DEVICE_FAMILY = "1,2";
			};
			name = Release;
		};
/* End XCBuildConfiguration section */

/* Begin XCConfigurationList section */
		90BCFC9B256418A600AC88A9 /* Build configuration list for PBXProject "Ananas" */ = {
			isa = XCConfigurationList;
			buildConfigurations = (
				90BCFCAD256418A700AC88A9 /* Debug */,
				90BCFCAE256418A700AC88A9 /* Release */,
			);
			defaultConfigurationIsVisible = 0;
			defaultConfigurationName = Release;
		};
		90BCFCAF256418A700AC88A9 /* Build configuration list for PBXNativeTarget "Ananas" */ = {
			isa = XCConfigurationList;
			buildConfigurations = (
				90BCFCB0256418A700AC88A9 /* Debug */,
				90BCFCB1256418A700AC88A9 /* Release */,
			);
			defaultConfigurationIsVisible = 0;
			defaultConfigurationName = Release;
		};
/* End XCConfigurationList section */

/* Begin XCRemoteSwiftPackageReference section */
		9055FAC3256A621B0020FE70 /* XCRemoteSwiftPackageReference "CoreXLSX" */ = {
			isa = XCRemoteSwiftPackageReference;
			repositoryURL = "https://github.com/CoreOffice/CoreXLSX";
			requirement = {
				kind = upToNextMajorVersion;
				minimumVersion = 0.13.0;
			};
		};
		905D6E5225657C7600D9AA56 /* XCRemoteSwiftPackageReference "Alamofire" */ = {
			isa = XCRemoteSwiftPackageReference;
			repositoryURL = "https://github.com/Alamofire/Alamofire.git";
			requirement = {
				kind = upToNextMajorVersion;
				minimumVersion = 5.4.0;
			};
		};
		90D24FB325668D2D000B9EAE /* XCRemoteSwiftPackageReference "SwiftDate" */ = {
			isa = XCRemoteSwiftPackageReference;
			repositoryURL = "https://github.com/malcommac/SwiftDate.git";
			requirement = {
				kind = upToNextMajorVersion;
				minimumVersion = 6.3.0;
			};
		};
/* End XCRemoteSwiftPackageReference section */

/* Begin XCSwiftPackageProductDependency section */
		9055FAC4256A621B0020FE70 /* CoreXLSX */ = {
			isa = XCSwiftPackageProductDependency;
			package = 9055FAC3256A621B0020FE70 /* XCRemoteSwiftPackageReference "CoreXLSX" */;
			productName = CoreXLSX;
		};
		905D6E5325657C7600D9AA56 /* Alamofire */ = {
			isa = XCSwiftPackageProductDependency;
			package = 905D6E5225657C7600D9AA56 /* XCRemoteSwiftPackageReference "Alamofire" */;
			productName = Alamofire;
		};
		90D24FB425668D2D000B9EAE /* SwiftDate */ = {
			isa = XCSwiftPackageProductDependency;
			package = 90D24FB325668D2D000B9EAE /* XCRemoteSwiftPackageReference "SwiftDate" */;
			productName = SwiftDate;
		};
/* End XCSwiftPackageProductDependency section */
	};
	rootObject = 90BCFC98256418A600AC88A9 /* Project object */;
}
